
Microsoft Visual Studio Solution File, Format Version 12.00
# Visual Studio Version 17
VisualStudioVersion = 17.0.31903.59
MinimumVisualStudioVersion = 10.0.40219.1
Project("{FAE04EC0-301F-11D3-BF4B-00C04F79EFBC}") = "API", "API\API.csproj", "{5D8235EC-16F9-4C1B-960A-3F09963699D7}"
EndProject
Project("{FAE04EC0-301F-11D3-BF4B-00C04F79EFBC}") = "Core", "Core\Core.csproj", "{D222D899-67C0-4467-849C-4D5D2DAD53B2}"
EndProject
Project("{FAE04EC0-301F-11D3-BF4B-00C04F79EFBC}") = "Infrastructure", "Infrastructure\Infrastructure.csproj", "{37A7378B-D7FC-427C-9389-E8F9458DE0AB}"
EndProject
Global
	GlobalSection(SolutionConfigurationPlatforms) = preSolution
		Debug|Any CPU = Debug|Any CPU
		Release|Any CPU = Release|Any CPU
	EndGlobalSection
	GlobalSection(SolutionProperties) = preSolution
		HideSolutionNode = FALSE
	EndGlobalSection
	GlobalSection(ProjectConfigurationPlatforms) = postSolution
		{5D8235EC-16F9-4C1B-960A-3F09963699D7}.Debug|Any CPU.ActiveCfg = Debug|Any CPU
		{5D8235EC-16F9-4C1B-960A-3F09963699D7}.Debug|Any CPU.Build.0 = Debug|Any CPU
		{5D8235EC-16F9-4C1B-960A-3F09963699D7}.Release|Any CPU.ActiveCfg = Release|Any CPU
		{5D8235EC-16F9-4C1B-960A-3F09963699D7}.Release|Any CPU.Build.0 = Release|Any CPU
		{D222D899-67C0-4467-849C-4D5D2DAD53B2}.Debug|Any CPU.ActiveCfg = Debug|Any CPU
		{D222D899-67C0-4467-849C-4D5D2DAD53B2}.Debug|Any CPU.Build.0 = Debug|Any CPU
		{D222D899-67C0-4467-849C-4D5D2DAD53B2}.Release|Any CPU.ActiveCfg = Release|Any CPU
		{D222D899-67C0-4467-849C-4D5D2DAD53B2}.Release|Any CPU.Build.0 = Release|Any CPU
		{37A7378B-D7FC-427C-9389-E8F9458DE0AB}.Debug|Any CPU.ActiveCfg = Debug|Any CPU
		{37A7378B-D7FC-427C-9389-E8F9458DE0AB}.Debug|Any CPU.Build.0 = Debug|Any CPU
		{37A7378B-D7FC-427C-9389-E8F9458DE0AB}.Release|Any CPU.ActiveCfg = Release|Any CPU
		{37A7378B-D7FC-427C-9389-E8F9458DE0AB}.Release|Any CPU.Build.0 = Release|Any CPU
	EndGlobalSection
EndGlobal
